
Microsoft Visual Studio Solution File, Format Version 12.00
# Visual Studio Version 17
VisualStudioVersion = 17.10.34916.146
MinimumVisualStudioVersion = 10.0.40219.1
Project("{FAE04EC0-301F-11D3-BF4B-00C04F79EFBC}") = "MakeConst", "MakeConst\MakeConst\MakeConst.csproj", "{D593DC82-A574-4D81-BCCC-05E68B746893}"
EndProject
Project("{FAE04EC0-301F-11D3-BF4B-00C04F79EFBC}") = "MakeConst.CodeFixes", "MakeConst\MakeConst.CodeFixes\MakeConst.CodeFixes.csproj", "{41BD63AF-4E5A-4F60-93B7-08108FBEC745}"
EndProject
Project("{FAE04EC0-301F-11D3-BF4B-00C04F79EFBC}") = "MakeConst.Package", "MakeConst\MakeConst.Package\MakeConst.Package.csproj", "{205A3F41-5235-4D57-AEA1-C5962D51D888}"
EndProject
Project("{FAE04EC0-301F-11D3-BF4B-00C04F79EFBC}") = "MakeConst.Test", "MakeConst\MakeConst.Test\MakeConst.Test.csproj", "{6F695089-4D70-458D-94B7-5FCC50A9522A}"
EndProject
Project("{FAE04EC0-301F-11D3-BF4B-00C04F79EFBC}") = "MakeConst.Vsix", "MakeConst\MakeConst.Vsix\MakeConst.Vsix.csproj", "{4005DF8A-62B7-40D7-BBA2-39AF2823BD86}"
EndProject
Global
	GlobalSection(SolutionConfigurationPlatforms) = preSolution
		Debug|Any CPU = Debug|Any CPU
		Release|Any CPU = Release|Any CPU
	EndGlobalSection
	GlobalSection(ProjectConfigurationPlatforms) = postSolution
		{D593DC82-A574-4D81-BCCC-05E68B746893}.Debug|Any CPU.ActiveCfg = Debug|Any CPU
		{D593DC82-A574-4D81-BCCC-05E68B746893}.Debug|Any CPU.Build.0 = Debug|Any CPU
		{D593DC82-A574-4D81-BCCC-05E68B746893}.Release|Any CPU.ActiveCfg = Release|Any CPU
		{D593DC82-A574-4D81-BCCC-05E68B746893}.Release|Any CPU.Build.0 = Release|Any CPU
		{41BD63AF-4E5A-4F60-93B7-08108FBEC745}.Debug|Any CPU.ActiveCfg = Debug|Any CPU
		{41BD63AF-4E5A-4F60-93B7-08108FBEC745}.Debug|Any CPU.Build.0 = Debug|Any CPU
		{41BD63AF-4E5A-4F60-93B7-08108FBEC745}.Release|Any CPU.ActiveCfg = Release|Any CPU
		{41BD63AF-4E5A-4F60-93B7-08108FBEC745}.Release|Any CPU.Build.0 = Release|Any CPU
		{205A3F41-5235-4D57-AEA1-C5962D51D888}.Debug|Any CPU.ActiveCfg = Debug|Any CPU
		{205A3F41-5235-4D57-AEA1-C5962D51D888}.Debug|Any CPU.Build.0 = Debug|Any CPU
		{205A3F41-5235-4D57-AEA1-C5962D51D888}.Release|Any CPU.ActiveCfg = Release|Any CPU
		{205A3F41-5235-4D57-AEA1-C5962D51D888}.Release|Any CPU.Build.0 = Release|Any CPU
		{6F695089-4D70-458D-94B7-5FCC50A9522A}.Debug|Any CPU.ActiveCfg = Debug|Any CPU
		{6F695089-4D70-458D-94B7-5FCC50A9522A}.Debug|Any CPU.Build.0 = Debug|Any CPU
		{6F695089-4D70-458D-94B7-5FCC50A9522A}.Release|Any CPU.ActiveCfg = Release|Any CPU
		{6F695089-4D70-458D-94B7-5FCC50A9522A}.Release|Any CPU.Build.0 = Release|Any CPU
		{4005DF8A-62B7-40D7-BBA2-39AF2823BD86}.Debug|Any CPU.ActiveCfg = Debug|Any CPU
		{4005DF8A-62B7-40D7-BBA2-39AF2823BD86}.Debug|Any CPU.Build.0 = Debug|Any CPU
		{4005DF8A-62B7-40D7-BBA2-39AF2823BD86}.Release|Any CPU.ActiveCfg = Release|Any CPU
		{4005DF8A-62B7-40D7-BBA2-39AF2823BD86}.Release|Any CPU.Build.0 = Release|Any CPU
	EndGlobalSection
	GlobalSection(SolutionProperties) = preSolution
		HideSolutionNode = FALSE
	EndGlobalSection
	GlobalSection(ExtensibilityGlobals) = postSolution
		SolutionGuid = {DFD6EFA8-BC97-4A2F-9DEE-1D0BF7B2F800}
	EndGlobalSection
EndGlobal
